
Microsoft Visual Studio Solution File, Format Version 12.00
# Visual Studio Version 16
VisualStudioVersion = 16.0.32002.261
MinimumVisualStudioVersion = 10.0.40219.1
Project("{8BC9CEB8-8B4A-11D0-8D11-00A0C91BC942}") = "OBD2 Leonardo Sender", "OBD2 Leonardo Sender.vcxproj", "{C5F80730-F44F-4478-BDAE-6634EFC2CA88}"
EndProject
Project("{8BC9CEB8-8B4A-11D0-8D11-00A0C91BC942}") = "SPI-1.0", "Libraries\SPI\1.0\SPI\SPI-1.0.vcxitems", "{04743C14-0995-4724-99A9-1DB3B3FBB713}"
EndProject
Project("{8BC9CEB8-8B4A-11D0-8D11-00A0C91BC942}") = "MCP_CAN_lib-master-1.5.0", "Libraries\MCP_CAN_lib-master\1.5.0\MCP_CAN_lib-master\MCP_CAN_lib-master-1.5.0.vcxitems", "{52893221-17D8-45F5-8BF0-8CD33756A8B5}"
EndProject
Global
	GlobalSection(SharedMSBuildProjectFiles) = preSolution
		Libraries\SPI\1.0\SPI\SPI-1.0.vcxitems*{04743c14-0995-4724-99a9-1db3b3fbb713}*SharedItemsImports = 9
		Libraries\MCP_CAN_lib-master\1.5.0\MCP_CAN_lib-master\MCP_CAN_lib-master-1.5.0.vcxitems*{52893221-17d8-45f5-8bf0-8cd33756a8b5}*SharedItemsImports = 9
		Libraries\MCP_CAN_lib-master\1.5.0\MCP_CAN_lib-master\MCP_CAN_lib-master-1.5.0.vcxitems*{c5f80730-f44f-4478-bdae-6634efc2ca88}*SharedItemsImports = 4
	EndGlobalSection
	GlobalSection(SolutionConfigurationPlatforms) = preSolution
		Debug|x86 = Debug|x86
		Release|x86 = Release|x86
	EndGlobalSection
	GlobalSection(ProjectConfigurationPlatforms) = postSolution
		{C5F80730-F44F-4478-BDAE-6634EFC2CA88}.Debug|x86.ActiveCfg = Debug|Win32
		{C5F80730-F44F-4478-BDAE-6634EFC2CA88}.Debug|x86.Build.0 = Debug|Win32
		{C5F80730-F44F-4478-BDAE-6634EFC2CA88}.Release|x86.ActiveCfg = Release|Win32
		{C5F80730-F44F-4478-BDAE-6634EFC2CA88}.Release|x86.Build.0 = Release|Win32
	EndGlobalSection
	GlobalSection(SolutionProperties) = preSolution
		HideSolutionNode = FALSE
	EndGlobalSection
	GlobalSection(ExtensibilityGlobals) = postSolution
		SolutionGuid = {274066C3-A177-4105-8B5C-DA406746CA25}
	EndGlobalSection
EndGlobal
